
Microsoft Visual Studio Solution File, Format Version 12.00
# Visual Studio Version 16
VisualStudioVersion = 16.0.30413.136
MinimumVisualStudioVersion = 10.0.40219.1
Project("{9A19103F-16F7-4668-BE54-9A1E7A4F7556}") = "AccessLogs.Model", "AccessLogs.Model\AccessLogs.Model.csproj", "{C6AEEF03-41B2-4CF8-8FA8-B7424C65ED18}"
EndProject
Project("{9A19103F-16F7-4668-BE54-9A1E7A4F7556}") = "AccessLogs.Data", "AccessLogs.Data\AccessLogs.Data.csproj", "{01398770-7925-439F-97F1-D92AB9B39B1C}"
EndProject
Project("{9A19103F-16F7-4668-BE54-9A1E7A4F7556}") = "AccessLogs.Service", "AccessLogs.Service\AccessLogs.Service.csproj", "{F0E16914-3B9E-425F-9AB6-453219F28E77}"
EndProject
Project("{9A19103F-16F7-4668-BE54-9A1E7A4F7556}") = "AccessLogs.Loader", "AccessLogs.Loader\AccessLogs.Loader.csproj", "{7F666306-70BF-41D1-B927-01CD09E10885}"
EndProject
Global
	GlobalSection(SolutionConfigurationPlatforms) = preSolution
		Debug|Any CPU = Debug|Any CPU
		Release|Any CPU = Release|Any CPU
	EndGlobalSection
	GlobalSection(ProjectConfigurationPlatforms) = postSolution
		{C6AEEF03-41B2-4CF8-8FA8-B7424C65ED18}.Debug|Any CPU.ActiveCfg = Debug|Any CPU
		{C6AEEF03-41B2-4CF8-8FA8-B7424C65ED18}.Debug|Any CPU.Build.0 = Debug|Any CPU
		{C6AEEF03-41B2-4CF8-8FA8-B7424C65ED18}.Release|Any CPU.ActiveCfg = Release|Any CPU
		{C6AEEF03-41B2-4CF8-8FA8-B7424C65ED18}.Release|Any CPU.Build.0 = Release|Any CPU
		{01398770-7925-439F-97F1-D92AB9B39B1C}.Debug|Any CPU.ActiveCfg = Debug|Any CPU
		{01398770-7925-439F-97F1-D92AB9B39B1C}.Debug|Any CPU.Build.0 = Debug|Any CPU
		{01398770-7925-439F-97F1-D92AB9B39B1C}.Release|Any CPU.ActiveCfg = Release|Any CPU
		{01398770-7925-439F-97F1-D92AB9B39B1C}.Release|Any CPU.Build.0 = Release|Any CPU
		{F0E16914-3B9E-425F-9AB6-453219F28E77}.Debug|Any CPU.ActiveCfg = Debug|Any CPU
		{F0E16914-3B9E-425F-9AB6-453219F28E77}.Debug|Any CPU.Build.0 = Debug|Any CPU
		{F0E16914-3B9E-425F-9AB6-453219F28E77}.Release|Any CPU.ActiveCfg = Release|Any CPU
		{F0E16914-3B9E-425F-9AB6-453219F28E77}.Release|Any CPU.Build.0 = Release|Any CPU
		{7F666306-70BF-41D1-B927-01CD09E10885}.Debug|Any CPU.ActiveCfg = Debug|Any CPU
		{7F666306-70BF-41D1-B927-01CD09E10885}.Debug|Any CPU.Build.0 = Debug|Any CPU
		{7F666306-70BF-41D1-B927-01CD09E10885}.Release|Any CPU.ActiveCfg = Release|Any CPU
		{7F666306-70BF-41D1-B927-01CD09E10885}.Release|Any CPU.Build.0 = Release|Any CPU
	EndGlobalSection
	GlobalSection(SolutionProperties) = preSolution
		HideSolutionNode = FALSE
	EndGlobalSection
	GlobalSection(ExtensibilityGlobals) = postSolution
		SolutionGuid = {D09DE7DE-E555-4FCE-B79C-2BA9F9E745F3}
	EndGlobalSection
EndGlobal
